
Microsoft Visual Studio Solution File, Format Version 12.00
# Visual Studio 15
Project("{FAE04EC0-301F-11D3-BF4B-00C04F79EFBC}") = "Assembly-CSharp", "Assembly-CSharp.csproj", "{6FA01F5D-228A-62BE-2D6C-F60843B85BC0}"
EndProject
Project("{FAE04EC0-301F-11D3-BF4B-00C04F79EFBC}") = "Assembly-CSharp-Editor", "Assembly-CSharp-Editor.csproj", "{CA57CE3F-7E8A-4DB0-76F4-80F8A5277BA1}"
EndProject
Global
	GlobalSection(SolutionConfigurationPlatforms) = preSolution
		Debug|Any CPU = Debug|Any CPU
		Release|Any CPU = Release|Any CPU
	EndGlobalSection
	GlobalSection(ProjectConfigurationPlatforms) = postSolution
		{6FA01F5D-228A-62BE-2D6C-F60843B85BC0}.Debug|Any CPU.ActiveCfg = Debug|Any CPU
		{6FA01F5D-228A-62BE-2D6C-F60843B85BC0}.Debug|Any CPU.Build.0 = Debug|Any CPU
		{6FA01F5D-228A-62BE-2D6C-F60843B85BC0}.Release|Any CPU.ActiveCfg = Release|Any CPU
		{6FA01F5D-228A-62BE-2D6C-F60843B85BC0}.Release|Any CPU.Build.0 = Release|Any CPU
		{CA57CE3F-7E8A-4DB0-76F4-80F8A5277BA1}.Debug|Any CPU.ActiveCfg = Debug|Any CPU
		{CA57CE3F-7E8A-4DB0-76F4-80F8A5277BA1}.Debug|Any CPU.Build.0 = Debug|Any CPU
		{CA57CE3F-7E8A-4DB0-76F4-80F8A5277BA1}.Release|Any CPU.ActiveCfg = Release|Any CPU
		{CA57CE3F-7E8A-4DB0-76F4-80F8A5277BA1}.Release|Any CPU.Build.0 = Release|Any CPU
	EndGlobalSection
	GlobalSection(SolutionProperties) = preSolution
		HideSolutionNode = FALSE
	EndGlobalSection
EndGlobal
